// !$*UTF8*$!
{
	archiveVersion = 1;
	classes = {
	};
	objectVersion = 48;
	objects = {

/* Begin PBXBuildFile section */
		DE52E2412189891900516758 /* tcpserversocket.cpp in Sources */ = {isa = PBXBuildFile; fileRef = DE52E23F2189891900516758 /* tcpserversocket.cpp */; };
		DE52E24421898ED800516758 /* tcpchildsocket.cpp in Sources */ = {isa = PBXBuildFile; fileRef = DE52E24221898ED800516758 /* tcpchildsocket.cpp */; };
		DE52E246218A2EC200516758 /* client.cpp in Sources */ = {isa = PBXBuildFile; fileRef = DE52E245218A2EC200516758 /* client.cpp */; };
		DE573F8C218B68790038CBE3 /* monitor.cpp in Sources */ = {isa = PBXBuildFile; fileRef = DE573F8B218B68790038CBE3 /* monitor.cpp */; };
		DE63F9672186DB6200F55AB4 /* aws.cpp in Sources */ = {isa = PBXBuildFile; fileRef = DE63F9662186DB6200F55AB4 /* aws.cpp */; };
		DE63F9702186DC2200F55AB4 /* linkdata.cpp in Sources */ = {isa = PBXBuildFile; fileRef = DE63F96E2186DC2200F55AB4 /* linkdata.cpp */; };
		DE63F9742186DDBE00F55AB4 /* udpsocket.cpp in Sources */ = {isa = PBXBuildFile; fileRef = DE63F9722186DDBE00F55AB4 /* udpsocket.cpp */; };
		DE63F9822186ED5600F55AB4 /* serverA.cpp in Sources */ = {isa = PBXBuildFile; fileRef = DE63F97B2186E7DF00F55AB4 /* serverA.cpp */; };
		DEFA399521878051007B0471 /* linkdataset.cpp in Sources */ = {isa = PBXBuildFile; fileRef = DEFA399321878051007B0471 /* linkdataset.cpp */; };
		DEFA399721879A37007B0471 /* serverB.cpp in Sources */ = {isa = PBXBuildFile; fileRef = DEFA399621879A37007B0471 /* serverB.cpp */; };
		DEFA399A21879DA0007B0471 /* dataparser.cpp in Sources */ = {isa = PBXBuildFile; fileRef = DEFA399821879DA0007B0471 /* dataparser.cpp */; };
		DEFA399C2187BD1E007B0471 /* serverC.cpp in Sources */ = {isa = PBXBuildFile; fileRef = DEFA399B2187BD1E007B0471 /* serverC.cpp */; };
		DEFA399F2187E64A007B0471 /* makefile in Sources */ = {isa = PBXBuildFile; fileRef = DEFA399E2187E64A007B0471 /* makefile */; };
		DEFA39A52187EDE0007B0471 /* computedlinkdata.cpp in Sources */ = {isa = PBXBuildFile; fileRef = DEFA39A32187EDE0007B0471 /* computedlinkdata.cpp */; };
/* End PBXBuildFile section */

/* Begin PBXCopyFilesBuildPhase section */
		DE63F9612186DB6200F55AB4 /* CopyFiles */ = {
			isa = PBXCopyFilesBuildPhase;
			buildActionMask = 2147483647;
			dstPath = /usr/share/man/man1/;
			dstSubfolderSpec = 0;
			files = (
			);
			runOnlyForDeploymentPostprocessing = 1;
		};
		DE63F9772186E7DF00F55AB4 /* CopyFiles */ = {
			isa = PBXCopyFilesBuildPhase;
			buildActionMask = 2147483647;
			dstPath = /usr/share/man/man1/;
			dstSubfolderSpec = 0;
			files = (
			);
			runOnlyForDeploymentPostprocessing = 1;
		};
/* End PBXCopyFilesBuildPhase section */

/* Begin PBXFileReference section */
		DE52E23F2189891900516758 /* tcpserversocket.cpp */ = {isa = PBXFileReference; lastKnownFileType = sourcecode.cpp.cpp; path = tcpserversocket.cpp; sourceTree = "<group>"; };
		DE52E2402189891900516758 /* tcpserversocket.h */ = {isa = PBXFileReference; lastKnownFileType = sourcecode.c.h; path = tcpserversocket.h; sourceTree = "<group>"; };
		DE52E24221898ED800516758 /* tcpchildsocket.cpp */ = {isa = PBXFileReference; lastKnownFileType = sourcecode.cpp.cpp; path = tcpchildsocket.cpp; sourceTree = "<group>"; };
		DE52E24321898ED800516758 /* tcpchildsocket.h */ = {isa = PBXFileReference; lastKnownFileType = sourcecode.c.h; path = tcpchildsocket.h; sourceTree = "<group>"; };
		DE52E245218A2EC200516758 /* client.cpp */ = {isa = PBXFileReference; lastKnownFileType = sourcecode.cpp.cpp; path = client.cpp; sourceTree = "<group>"; };
		DE573F8B218B68790038CBE3 /* monitor.cpp */ = {isa = PBXFileReference; lastKnownFileType = sourcecode.cpp.cpp; path = monitor.cpp; sourceTree = "<group>"; };
		DE63F9632186DB6200F55AB4 /* SocketProgramming */ = {isa = PBXFileReference; explicitFileType = "compiled.mach-o.executable"; includeInIndex = 0; path = SocketProgramming; sourceTree = BUILT_PRODUCTS_DIR; };
		DE63F9662186DB6200F55AB4 /* aws.cpp */ = {isa = PBXFileReference; lastKnownFileType = sourcecode.cpp.cpp; path = aws.cpp; sourceTree = "<group>"; };
		DE63F96E2186DC2200F55AB4 /* linkdata.cpp */ = {isa = PBXFileReference; lastKnownFileType = sourcecode.cpp.cpp; path = linkdata.cpp; sourceTree = "<group>"; };
		DE63F96F2186DC2200F55AB4 /* linkdata.h */ = {isa = PBXFileReference; lastKnownFileType = sourcecode.c.h; path = linkdata.h; sourceTree = "<group>"; };
		DE63F9722186DDBE00F55AB4 /* udpsocket.cpp */ = {isa = PBXFileReference; lastKnownFileType = sourcecode.cpp.cpp; path = udpsocket.cpp; sourceTree = "<group>"; };
		DE63F9792186E7DF00F55AB4 /* BackendA */ = {isa = PBXFileReference; explicitFileType = "compiled.mach-o.executable"; includeInIndex = 0; path = BackendA; sourceTree = BUILT_PRODUCTS_DIR; };
		DE63F97B2186E7DF00F55AB4 /* serverA.cpp */ = {isa = PBXFileReference; lastKnownFileType = sourcecode.cpp.cpp; path = serverA.cpp; sourceTree = "<group>"; };
		DE63F9842186F71000F55AB4 /* udpsocket.h */ = {isa = PBXFileReference; lastKnownFileType = sourcecode.c.h; path = udpsocket.h; sourceTree = "<group>"; };
		DE883F2B2194F4D2007FE326 /* README */ = {isa = PBXFileReference; lastKnownFileType = text; path = README; sourceTree = "<group>"; };
		DEFA399321878051007B0471 /* linkdataset.cpp */ = {isa = PBXFileReference; lastKnownFileType = sourcecode.cpp.cpp; path = linkdataset.cpp; sourceTree = "<group>"; };
		DEFA399421878051007B0471 /* linkdataset.h */ = {isa = PBXFileReference; lastKnownFileType = sourcecode.c.h; path = linkdataset.h; sourceTree = "<group>"; };
		DEFA399621879A37007B0471 /* serverB.cpp */ = {isa = PBXFileReference; lastKnownFileType = sourcecode.cpp.cpp; path = serverB.cpp; sourceTree = "<group>"; };
		DEFA399821879DA0007B0471 /* dataparser.cpp */ = {isa = PBXFileReference; lastKnownFileType = sourcecode.cpp.cpp; path = dataparser.cpp; sourceTree = "<group>"; };
		DEFA399921879DA0007B0471 /* dataparser.h */ = {isa = PBXFileReference; lastKnownFileType = sourcecode.c.h; path = dataparser.h; sourceTree = "<group>"; };
		DEFA399B2187BD1E007B0471 /* serverC.cpp */ = {isa = PBXFileReference; lastKnownFileType = sourcecode.cpp.cpp; path = serverC.cpp; sourceTree = "<group>"; };
		DEFA399D2187C64C007B0471 /* defs.h */ = {isa = PBXFileReference; lastKnownFileType = sourcecode.c.h; path = defs.h; sourceTree = "<group>"; };
		DEFA399E2187E64A007B0471 /* makefile */ = {isa = PBXFileReference; lastKnownFileType = sourcecode.make; path = makefile; sourceTree = "<group>"; };
		DEFA39A32187EDE0007B0471 /* computedlinkdata.cpp */ = {isa = PBXFileReference; lastKnownFileType = sourcecode.cpp.cpp; path = computedlinkdata.cpp; sourceTree = "<group>"; };
		DEFA39A42187EDE0007B0471 /* computedlinkdata.h */ = {isa = PBXFileReference; lastKnownFileType = sourcecode.c.h; path = computedlinkdata.h; sourceTree = "<group>"; };
/* End PBXFileReference section */

/* Begin PBXFrameworksBuildPhase section */
		DE63F9602186DB6200F55AB4 /* Frameworks */ = {
			isa = PBXFrameworksBuildPhase;
			buildActionMask = 2147483647;
			files = (
			);
			runOnlyForDeploymentPostprocessing = 0;
		};
		DE63F9762186E7DF00F55AB4 /* Frameworks */ = {
			isa = PBXFrameworksBuildPhase;
			buildActionMask = 2147483647;
			files = (
			);
			runOnlyForDeploymentPostprocessing = 0;
		};
/* End PBXFrameworksBuildPhase section */

/* Begin PBXGroup section */
		DE63F95A2186DB6200F55AB4 = {
			isa = PBXGroup;
			children = (
				DE63F9652186DB6200F55AB4 /* SocketProgramming */,
				DE63F9642186DB6200F55AB4 /* Products */,
			);
			sourceTree = "<group>";
		};
		DE63F9642186DB6200F55AB4 /* Products */ = {
			isa = PBXGroup;
			children = (
				DE63F9632186DB6200F55AB4 /* SocketProgramming */,
				DE63F9792186E7DF00F55AB4 /* BackendA */,
			);
			name = Products;
			sourceTree = "<group>";
		};
		DE63F9652186DB6200F55AB4 /* SocketProgramming */ = {
			isa = PBXGroup;
			children = (
				DE63F9662186DB6200F55AB4 /* aws.cpp */,
				DE52E245218A2EC200516758 /* client.cpp */,
				DEFA39A32187EDE0007B0471 /* computedlinkdata.cpp */,
				DEFA39A42187EDE0007B0471 /* computedlinkdata.h */,
				DEFA399821879DA0007B0471 /* dataparser.cpp */,
				DEFA399921879DA0007B0471 /* dataparser.h */,
				DEFA399D2187C64C007B0471 /* defs.h */,
				DE63F96E2186DC2200F55AB4 /* linkdata.cpp */,
				DE63F96F2186DC2200F55AB4 /* linkdata.h */,
				DEFA399321878051007B0471 /* linkdataset.cpp */,
				DEFA399421878051007B0471 /* linkdataset.h */,
				DEFA399E2187E64A007B0471 /* makefile */,
				DE573F8B218B68790038CBE3 /* monitor.cpp */,
				DE63F97B2186E7DF00F55AB4 /* serverA.cpp */,
				DEFA399621879A37007B0471 /* serverB.cpp */,
				DEFA399B2187BD1E007B0471 /* serverC.cpp */,
				DE52E24221898ED800516758 /* tcpchildsocket.cpp */,
				DE52E24321898ED800516758 /* tcpchildsocket.h */,
				DE52E23F2189891900516758 /* tcpserversocket.cpp */,
				DE52E2402189891900516758 /* tcpserversocket.h */,
				DE63F9722186DDBE00F55AB4 /* udpsocket.cpp */,
				DE63F9842186F71000F55AB4 /* udpsocket.h */,
				DE883F2B2194F4D2007FE326 /* README */,
			);
			path = SocketProgramming;
			sourceTree = "<group>";
		};
/* End PBXGroup section */

/* Begin PBXNativeTarget section */
		DE63F9622186DB6200F55AB4 /* SocketProgramming */ = {
			isa = PBXNativeTarget;
			buildConfigurationList = DE63F96A2186DB6200F55AB4 /* Build configuration list for PBXNativeTarget "SocketProgramming" */;
			buildPhases = (
				DE63F95F2186DB6200F55AB4 /* Sources */,
				DE63F9602186DB6200F55AB4 /* Frameworks */,
				DE63F9612186DB6200F55AB4 /* CopyFiles */,
			);
			buildRules = (
			);
			dependencies = (
			);
			name = SocketProgramming;
			productName = SocketProgramming;
			productReference = DE63F9632186DB6200F55AB4 /* SocketProgramming */;
			productType = "com.apple.product-type.tool";
		};
		DE63F9782186E7DF00F55AB4 /* BackendA */ = {
			isa = PBXNativeTarget;
			buildConfigurationList = DE63F97D2186E7DF00F55AB4 /* Build configuration list for PBXNativeTarget "BackendA" */;
			buildPhases = (
				DE63F9752186E7DF00F55AB4 /* Sources */,
				DE63F9762186E7DF00F55AB4 /* Frameworks */,
				DE63F9772186E7DF00F55AB4 /* CopyFiles */,
			);
			buildRules = (
			);
			dependencies = (
			);
			name = BackendA;
			productName = BackendA;
			productReference = DE63F9792186E7DF00F55AB4 /* BackendA */;
			productType = "com.apple.product-type.tool";
		};
/* End PBXNativeTarget section */

/* Begin PBXProject section */
		DE63F95B2186DB6200F55AB4 /* Project object */ = {
			isa = PBXProject;
			attributes = {
				LastUpgradeCheck = 0920;
				ORGANIZATIONNAME = "Tai-Yi Kuo";
				TargetAttributes = {
					DE63F9622186DB6200F55AB4 = {
						CreatedOnToolsVersion = 9.2;
						ProvisioningStyle = Automatic;
					};
					DE63F9782186E7DF00F55AB4 = {
						CreatedOnToolsVersion = 9.2;
						ProvisioningStyle = Automatic;
					};
				};
			};
			buildConfigurationList = DE63F95E2186DB6200F55AB4 /* Build configuration list for PBXProject "SocketProgramming" */;
			compatibilityVersion = "Xcode 8.0";
			developmentRegion = en;
			hasScannedForEncodings = 0;
			knownRegions = (
				en,
			);
			mainGroup = DE63F95A2186DB6200F55AB4;
			productRefGroup = DE63F9642186DB6200F55AB4 /* Products */;
			projectDirPath = "";
			projectRoot = "";
			targets = (
				DE63F9622186DB6200F55AB4 /* SocketProgramming */,
				DE63F9782186E7DF00F55AB4 /* BackendA */,
			);
		};
/* End PBXProject section */

/* Begin PBXSourcesBuildPhase section */
		DE63F95F2186DB6200F55AB4 /* Sources */ = {
			isa = PBXSourcesBuildPhase;
			buildActionMask = 2147483647;
			files = (
				DEFA399521878051007B0471 /* linkdataset.cpp in Sources */,
				DE52E2412189891900516758 /* tcpserversocket.cpp in Sources */,
				DEFA399721879A37007B0471 /* serverB.cpp in Sources */,
				DE52E24421898ED800516758 /* tcpchildsocket.cpp in Sources */,
				DE573F8C218B68790038CBE3 /* monitor.cpp in Sources */,
				DE52E246218A2EC200516758 /* client.cpp in Sources */,
				DEFA39A52187EDE0007B0471 /* computedlinkdata.cpp in Sources */,
				DEFA399F2187E64A007B0471 /* makefile in Sources */,
				DE63F9822186ED5600F55AB4 /* serverA.cpp in Sources */,
				DE63F9672186DB6200F55AB4 /* aws.cpp in Sources */,
				DE63F9702186DC2200F55AB4 /* linkdata.cpp in Sources */,
				DE63F9742186DDBE00F55AB4 /* udpsocket.cpp in Sources */,
				DEFA399C2187BD1E007B0471 /* serverC.cpp in Sources */,
				DEFA399A21879DA0007B0471 /* dataparser.cpp in Sources */,
			);
			runOnlyForDeploymentPostprocessing = 0;
		};
		DE63F9752186E7DF00F55AB4 /* Sources */ = {
			isa = PBXSourcesBuildPhase;
			buildActionMask = 2147483647;
			files = (
			);
			runOnlyForDeploymentPostprocessing = 0;
		};
/* End PBXSourcesBuildPhase section */

/* Begin XCBuildConfiguration section */
		DE63F9682186DB6200F55AB4 /* Debug */ = {
			isa = XCBuildConfiguration;
			buildSettings = {
				ALWAYS_SEARCH_USER_PATHS = NO;
				CLANG_ANALYZER_NONNULL = YES;
				CLANG_ANALYZER_NUMBER_OBJECT_CONVERSION = YES_AGGRESSIVE;
				CLANG_CXX_LANGUAGE_STANDARD = "gnu++14";
				CLANG_CXX_LIBRARY = "libc++";
				CLANG_ENABLE_MODULES = YES;
				CLANG_ENABLE_OBJC_ARC = YES;
				CLANG_WARN_BLOCK_CAPTURE_AUTORELEASING = YES;
				CLANG_WARN_BOOL_CONVERSION = YES;
				CLANG_WARN_COMMA = YES;
				CLANG_WARN_CONSTANT_CONVERSION = YES;
				CLANG_WARN_DIRECT_OBJC_ISA_USAGE = YES_ERROR;
				CLANG_WARN_DOCUMENTATION_COMMENTS = YES;
				CLANG_WARN_EMPTY_BODY = YES;
				CLANG_WARN_ENUM_CONVERSION = YES;
				CLANG_WARN_INFINITE_RECURSION = YES;
				CLANG_WARN_INT_CONVERSION = YES;
				CLANG_WARN_NON_LITERAL_NULL_CONVERSION = YES;
				CLANG_WARN_OBJC_LITERAL_CONVERSION = YES;
				CLANG_WARN_OBJC_ROOT_CLASS = YES_ERROR;
				CLANG_WARN_RANGE_LOOP_ANALYSIS = YES;
				CLANG_WARN_STRICT_PROTOTYPES = YES;
				CLANG_WARN_SUSPICIOUS_MOVE = YES;
				CLANG_WARN_UNGUARDED_AVAILABILITY = YES_AGGRESSIVE;
				CLANG_WARN_UNREACHABLE_CODE = YES;
				CLANG_WARN__DUPLICATE_METHOD_MATCH = YES;
				CODE_SIGN_IDENTITY = "Mac Developer";
				COPY_PHASE_STRIP = NO;
				DEBUG_INFORMATION_FORMAT = dwarf;
				ENABLE_STRICT_OBJC_MSGSEND = YES;
				ENABLE_TESTABILITY = YES;
				GCC_C_LANGUAGE_STANDARD = gnu11;
				GCC_DYNAMIC_NO_PIC = NO;
				GCC_NO_COMMON_BLOCKS = YES;
				GCC_OPTIMIZATION_LEVEL = 0;
				GCC_PREPROCESSOR_DEFINITIONS = (
					"DEBUG=1",
					"$(inherited)",
				);
				GCC_WARN_64_TO_32_BIT_CONVERSION = YES;
				GCC_WARN_ABOUT_RETURN_TYPE = YES_ERROR;
				GCC_WARN_UNDECLARED_SELECTOR = YES;
				GCC_WARN_UNINITIALIZED_AUTOS = YES_AGGRESSIVE;
				GCC_WARN_UNUSED_FUNCTION = YES;
				GCC_WARN_UNUSED_VARIABLE = YES;
				MACOSX_DEPLOYMENT_TARGET = 10.12;
				MTL_ENABLE_DEBUG_INFO = YES;
				ONLY_ACTIVE_ARCH = YES;
				SDKROOT = macosx;
			};
			name = Debug;
		};
		DE63F9692186DB6200F55AB4 /* Release */ = {
			isa = XCBuildConfiguration;
			buildSettings = {
				ALWAYS_SEARCH_USER_PATHS = NO;
				CLANG_ANALYZER_NONNULL = YES;
				CLANG_ANALYZER_NUMBER_OBJECT_CONVERSION = YES_AGGRESSIVE;
				CLANG_CXX_LANGUAGE_STANDARD = "gnu++14";
				CLANG_CXX_LIBRARY = "libc++";
				CLANG_ENABLE_MODULES = YES;
				CLANG_ENABLE_OBJC_ARC = YES;
				CLANG_WARN_BLOCK_CAPTURE_AUTORELEASING = YES;
				CLANG_WARN_BOOL_CONVERSION = YES;
				CLANG_WARN_COMMA = YES;
				CLANG_WARN_CONSTANT_CONVERSION = YES;
				CLANG_WARN_DIRECT_OBJC_ISA_USAGE = YES_ERROR;
				CLANG_WARN_DOCUMENTATION_COMMENTS = YES;
				CLANG_WARN_EMPTY_BODY = YES;
				CLANG_WARN_ENUM_CONVERSION = YES;
				CLANG_WARN_INFINITE_RECURSION = YES;
				CLANG_WARN_INT_CONVERSION = YES;
				CLANG_WARN_NON_LITERAL_NULL_CONVERSION = YES;
				CLANG_WARN_OBJC_LITERAL_CONVERSION = YES;
				CLANG_WARN_OBJC_ROOT_CLASS = YES_ERROR;
				CLANG_WARN_RANGE_LOOP_ANALYSIS = YES;
				CLANG_WARN_STRICT_PROTOTYPES = YES;
				CLANG_WARN_SUSPICIOUS_MOVE = YES;
				CLANG_WARN_UNGUARDED_AVAILABILITY = YES_AGGRESSIVE;
				CLANG_WARN_UNREACHABLE_CODE = YES;
				CLANG_WARN__DUPLICATE_METHOD_MATCH = YES;
				CODE_SIGN_IDENTITY = "Mac Developer";
				COPY_PHASE_STRIP = NO;
				DEBUG_INFORMATION_FORMAT = "dwarf-with-dsym";
				ENABLE_NS_ASSERTIONS = NO;
				ENABLE_STRICT_OBJC_MSGSEND = YES;
				GCC_C_LANGUAGE_STANDARD = gnu11;
				GCC_NO_COMMON_BLOCKS = YES;
				GCC_WARN_64_TO_32_BIT_CONVERSION = YES;
				GCC_WARN_ABOUT_RETURN_TYPE = YES_ERROR;
				GCC_WARN_UNDECLARED_SELECTOR = YES;
				GCC_WARN_UNINITIALIZED_AUTOS = YES_AGGRESSIVE;
				GCC_WARN_UNUSED_FUNCTION = YES;
				GCC_WARN_UNUSED_VARIABLE = YES;
				MACOSX_DEPLOYMENT_TARGET = 10.12;
				MTL_ENABLE_DEBUG_INFO = NO;
				SDKROOT = macosx;
			};
			name = Release;
		};
		DE63F96B2186DB6200F55AB4 /* Debug */ = {
			isa = XCBuildConfiguration;
			buildSettings = {
				CODE_SIGN_STYLE = Automatic;
				DEVELOPMENT_TEAM = 3SMGT2X725;
				PRODUCT_NAME = "$(TARGET_NAME)";
			};
			name = Debug;
		};
		DE63F96C2186DB6200F55AB4 /* Release */ = {
			isa = XCBuildConfiguration;
			buildSettings = {
				CODE_SIGN_STYLE = Automatic;
				DEVELOPMENT_TEAM = 3SMGT2X725;
				PRODUCT_NAME = "$(TARGET_NAME)";
			};
			name = Release;
		};
		DE63F97E2186E7DF00F55AB4 /* Debug */ = {
			isa = XCBuildConfiguration;
			buildSettings = {
				CODE_SIGN_STYLE = Automatic;
				DEVELOPMENT_TEAM = 3SMGT2X725;
				PRODUCT_NAME = "$(TARGET_NAME)";
			};
			name = Debug;
		};
		DE63F97F2186E7DF00F55AB4 /* Release */ = {
			isa = XCBuildConfiguration;
			buildSettings = {
				CODE_SIGN_STYLE = Automatic;
				DEVELOPMENT_TEAM = 3SMGT2X725;
				PRODUCT_NAME = "$(TARGET_NAME)";
			};
			name = Release;
		};
/* End XCBuildConfiguration section */

/* Begin XCConfigurationList section */
		DE63F95E2186DB6200F55AB4 /* Build configuration list for PBXProject "SocketProgramming" */ = {
			isa = XCConfigurationList;
			buildConfigurations = (
				DE63F9682186DB6200F55AB4 /* Debug */,
				DE63F9692186DB6200F55AB4 /* Release */,
			);
			defaultConfigurationIsVisible = 0;
			defaultConfigurationName = Release;
		};
		DE63F96A2186DB6200F55AB4 /* Build configuration list for PBXNativeTarget "SocketProgramming" */ = {
			isa = XCConfigurationList;
			buildConfigurations = (
				DE63F96B2186DB6200F55AB4 /* Debug */,
				DE63F96C2186DB6200F55AB4 /* Release */,
			);
			defaultConfigurationIsVisible = 0;
			defaultConfigurationName = Release;
		};
		DE63F97D2186E7DF00F55AB4 /* Build configuration list for PBXNativeTarget "BackendA" */ = {
			isa = XCConfigurationList;
			buildConfigurations = (
				DE63F97E2186E7DF00F55AB4 /* Debug */,
				DE63F97F2186E7DF00F55AB4 /* Release */,
			);
			defaultConfigurationIsVisible = 0;
			defaultConfigurationName = Release;
		};
/* End XCConfigurationList section */
	};
	rootObject = DE63F95B2186DB6200F55AB4 /* Project object */;
}
